PODS:
  - FBSDKCoreKit (5.11.1):
    - FBSDKCoreKit/Basics (= 5.11.1)
    - FBSDKCoreKit/Core (= 5.11.1)
  - FBSDKCoreKit/Basics (5.11.1)
  - FBSDKCoreKit/Core (5.11.1):
    - FBSDKCoreKit/Basics
  - FBSDKLoginKit (5.11.1):
    - FBSDKLoginKit/Login (= 5.11.1)
  - FBSDKLoginKit/Login (5.11.1):
    - FBSDKCoreKit (~> 5.0)
  - IGVimeoExtractor (1.2.0)

DEPENDENCIES:
  - FBSDKCoreKit (~> 5.11)
  - FBSDKLoginKit (~> 5.11)
  - IGVimeoExtractor (~> 1.2)

SPEC REPOS:
  https://github.com/CocoaPods/Specs.git:
    - FBSDKCoreKit
    - FBSDKLoginKit
    - IGVimeoExtractor

SPEC CHECKSUMS:
  FBSDKCoreKit: 5aada61a229054694810f3cee231f986004b3c49
  FBSDKLoginKit: 0e4572e0279e477103b57978e3ea05fac1dd673d
  IGVimeoExtractor: 84dd81e5bd7da82bcf99db246031edfda7313752

PODFILE CHECKSUM: 8db8af268168603616360b9ef3aa28158adfc906

COCOAPODS: 1.8.4
