PODS:
  - FBSDKCoreKit (9.3.0):
    - FBSDKCoreKit/Basics (= 9.3.0)
    - FBSDKCoreKit/Core (= 9.3.0)
  - FBSDKCoreKit/Basics (9.3.0)
  - FBSDKCoreKit/Core (9.3.0):
    - FBSDKCoreKit/Basics
  - FBSDKLoginKit (9.3.0):
    - FBSDKLoginKit/Login (= 9.3.0)
  - FBSDKLoginKit/Login (9.3.0):
    - FBSDKCoreKit (~> 9.3.0)
  - IGVimeoExtractor (1.2.0)

DEPENDENCIES:
  - FBSDKCoreKit (~> 9.3)
  - FBSDKLoginKit (~> 9.3)
  - IGVimeoExtractor (~> 1.2)

SPEC REPOS:
  https://github.com/CocoaPods/Specs.git:
    - FBSDKCoreKit
    - FBSDKLoginKit
    - IGVimeoExtractor

SPEC CHECKSUMS:
  FBSDKCoreKit: 0d1ae58388a458b8222f72025804cdc84eb5d0c3
  FBSDKLoginKit: aea68df6121c5e165ccae2fabfdc83c4644ee40f
  IGVimeoExtractor: 84dd81e5bd7da82bcf99db246031edfda7313752

PODFILE CHECKSUM: c63a80cb2abb963305081e10d6780c86d1dadc4d

COCOAPODS: 1.10.1
